
Microsoft Visual Studio Solution File, Format Version 12.00
# Visual Studio Version 17
VisualStudioVersion = 17.11.35222.181
MinimumVisualStudioVersion = 10.0.40219.1
Project("{8BC9CEB8-8B4A-11D0-8D11-00A0C91BC942}") = "Program3", "Program3\Program3.vcxproj", "{C07D6597-289E-40C4-8F65-C01625D725F7}"
EndProject
Project("{8BC9CEB8-8B4A-11D0-8D11-00A0C91BC942}") = "Program2", "Program2\Program2.vcxproj", "{EDFD97B8-AD5C-4810-B0C0-77EC2BCE96FE}"
EndProject
Project("{8BC9CEB8-8B4A-11D0-8D11-00A0C91BC942}") = "Hello World", "Hello World\Hello World.vcxproj", "{33A50B60-E458-40DD-85D7-F20D6293C4C7}"
EndProject
Project("{8BC9CEB8-8B4A-11D0-8D11-00A0C91BC942}") = "Program1", "Program1\Program1.vcxproj", "{02162A3F-4B9A-4F16-A559-C7CFDBBF5FBE}"
EndProject
Project("{8BC9CEB8-8B4A-11D0-8D11-00A0C91BC942}") = "Program4", "Program4\Program4.vcxproj", "{34792344-5F80-44BD-B122-B7EF575636DB}"
EndProject
Project("{8BC9CEB8-8B4A-11D0-8D11-00A0C91BC942}") = "Program5", "Program5\Program5.vcxproj", "{67619FBF-2542-4330-B063-389376B0A4F5}"
EndProject
Project("{8BC9CEB8-8B4A-11D0-8D11-00A0C91BC942}") = "Program6", "Program6\Program6.vcxproj", "{5B6C4B39-1009-4AEE-AEAF-94F0612DBB85}"
EndProject
Global
	GlobalSection(SolutionConfigurationPlatforms) = preSolution
		Debug|x64 = Debug|x64
		Debug|x86 = Debug|x86
		Release|x64 = Release|x64
		Release|x86 = Release|x86
	EndGlobalSection
	GlobalSection(ProjectConfigurationPlatforms) = postSolution
		{C07D6597-289E-40C4-8F65-C01625D725F7}.Debug|x64.ActiveCfg = Debug|x64
		{C07D6597-289E-40C4-8F65-C01625D725F7}.Debug|x64.Build.0 = Debug|x64
		{C07D6597-289E-40C4-8F65-C01625D725F7}.Debug|x86.ActiveCfg = Debug|Win32
		{C07D6597-289E-40C4-8F65-C01625D725F7}.Debug|x86.Build.0 = Debug|Win32
		{C07D6597-289E-40C4-8F65-C01625D725F7}.Release|x64.ActiveCfg = Release|x64
		{C07D6597-289E-40C4-8F65-C01625D725F7}.Release|x64.Build.0 = Release|x64
		{C07D6597-289E-40C4-8F65-C01625D725F7}.Release|x86.ActiveCfg = Release|Win32
		{C07D6597-289E-40C4-8F65-C01625D725F7}.Release|x86.Build.0 = Release|Win32
		{EDFD97B8-AD5C-4810-B0C0-77EC2BCE96FE}.Debug|x64.ActiveCfg = Debug|x64
		{EDFD97B8-AD5C-4810-B0C0-77EC2BCE96FE}.Debug|x64.Build.0 = Debug|x64
		{EDFD97B8-AD5C-4810-B0C0-77EC2BCE96FE}.Debug|x86.ActiveCfg = Debug|Win32
		{EDFD97B8-AD5C-4810-B0C0-77EC2BCE96FE}.Debug|x86.Build.0 = Debug|Win32
		{EDFD97B8-AD5C-4810-B0C0-77EC2BCE96FE}.Release|x64.ActiveCfg = Release|x64
		{EDFD97B8-AD5C-4810-B0C0-77EC2BCE96FE}.Release|x64.Build.0 = Release|x64
		{EDFD97B8-AD5C-4810-B0C0-77EC2BCE96FE}.Release|x86.ActiveCfg = Release|Win32
		{EDFD97B8-AD5C-4810-B0C0-77EC2BCE96FE}.Release|x86.Build.0 = Release|Win32
		{33A50B60-E458-40DD-85D7-F20D6293C4C7}.Debug|x64.ActiveCfg = Debug|x64
		{33A50B60-E458-40DD-85D7-F20D6293C4C7}.Debug|x64.Build.0 = Debug|x64
		{33A50B60-E458-40DD-85D7-F20D6293C4C7}.Debug|x86.ActiveCfg = Debug|Win32
		{33A50B60-E458-40DD-85D7-F20D6293C4C7}.Debug|x86.Build.0 = Debug|Win32
		{33A50B60-E458-40DD-85D7-F20D6293C4C7}.Release|x64.ActiveCfg = Release|x64
		{33A50B60-E458-40DD-85D7-F20D6293C4C7}.Release|x64.Build.0 = Release|x64
		{33A50B60-E458-40DD-85D7-F20D6293C4C7}.Release|x86.ActiveCfg = Release|Win32
		{33A50B60-E458-40DD-85D7-F20D6293C4C7}.Release|x86.Build.0 = Release|Win32
		{02162A3F-4B9A-4F16-A559-C7CFDBBF5FBE}.Debug|x64.ActiveCfg = Debug|x64
		{02162A3F-4B9A-4F16-A559-C7CFDBBF5FBE}.Debug|x64.Build.0 = Debug|x64
		{02162A3F-4B9A-4F16-A559-C7CFDBBF5FBE}.Debug|x86.ActiveCfg = Debug|Win32
		{02162A3F-4B9A-4F16-A559-C7CFDBBF5FBE}.Debug|x86.Build.0 = Debug|Win32
		{02162A3F-4B9A-4F16-A559-C7CFDBBF5FBE}.Release|x64.ActiveCfg = Release|x64
		{02162A3F-4B9A-4F16-A559-C7CFDBBF5FBE}.Release|x64.Build.0 = Release|x64
		{02162A3F-4B9A-4F16-A559-C7CFDBBF5FBE}.Release|x86.ActiveCfg = Release|Win32
		{02162A3F-4B9A-4F16-A559-C7CFDBBF5FBE}.Release|x86.Build.0 = Release|Win32
		{34792344-5F80-44BD-B122-B7EF575636DB}.Debug|x64.ActiveCfg = Debug|x64
		{34792344-5F80-44BD-B122-B7EF575636DB}.Debug|x64.Build.0 = Debug|x64
		{34792344-5F80-44BD-B122-B7EF575636DB}.Debug|x86.ActiveCfg = Debug|Win32
		{34792344-5F80-44BD-B122-B7EF575636DB}.Debug|x86.Build.0 = Debug|Win32
		{34792344-5F80-44BD-B122-B7EF575636DB}.Release|x64.ActiveCfg = Release|x64
		{34792344-5F80-44BD-B122-B7EF575636DB}.Release|x64.Build.0 = Release|x64
		{34792344-5F80-44BD-B122-B7EF575636DB}.Release|x86.ActiveCfg = Release|Win32
		{34792344-5F80-44BD-B122-B7EF575636DB}.Release|x86.Build.0 = Release|Win32
		{67619FBF-2542-4330-B063-389376B0A4F5}.Debug|x64.ActiveCfg = Debug|x64
		{67619FBF-2542-4330-B063-389376B0A4F5}.Debug|x64.Build.0 = Debug|x64
		{67619FBF-2542-4330-B063-389376B0A4F5}.Debug|x86.ActiveCfg = Debug|Win32
		{67619FBF-2542-4330-B063-389376B0A4F5}.Debug|x86.Build.0 = Debug|Win32
		{67619FBF-2542-4330-B063-389376B0A4F5}.Release|x64.ActiveCfg = Release|x64
		{67619FBF-2542-4330-B063-389376B0A4F5}.Release|x64.Build.0 = Release|x64
		{67619FBF-2542-4330-B063-389376B0A4F5}.Release|x86.ActiveCfg = Release|Win32
		{67619FBF-2542-4330-B063-389376B0A4F5}.Release|x86.Build.0 = Release|Win32
		{5B6C4B39-1009-4AEE-AEAF-94F0612DBB85}.Debug|x64.ActiveCfg = Debug|x64
		{5B6C4B39-1009-4AEE-AEAF-94F0612DBB85}.Debug|x64.Build.0 = Debug|x64
		{5B6C4B39-1009-4AEE-AEAF-94F0612DBB85}.Debug|x86.ActiveCfg = Debug|Win32
		{5B6C4B39-1009-4AEE-AEAF-94F0612DBB85}.Debug|x86.Build.0 = Debug|Win32
		{5B6C4B39-1009-4AEE-AEAF-94F0612DBB85}.Release|x64.ActiveCfg = Release|x64
		{5B6C4B39-1009-4AEE-AEAF-94F0612DBB85}.Release|x64.Build.0 = Release|x64
		{5B6C4B39-1009-4AEE-AEAF-94F0612DBB85}.Release|x86.ActiveCfg = Release|Win32
		{5B6C4B39-1009-4AEE-AEAF-94F0612DBB85}.Release|x86.Build.0 = Release|Win32
	EndGlobalSection
	GlobalSection(SolutionProperties) = preSolution
		HideSolutionNode = FALSE
	EndGlobalSection
	GlobalSection(ExtensibilityGlobals) = postSolution
		SolutionGuid = {28462A48-2B11-482D-B096-CBF3CE0621D7}
	EndGlobalSection
EndGlobal
